{
  "lockfileVersion": 1,
  "configVersion": 0,
  "workspaces": {
    "": {
      "dependencies": {
        "@opencode-ai/plugin": "1.1.50",
      },
    },
  },
  "packages": {
    "@opencode-ai/plugin": ["@opencode-ai/plugin@1.1.50", "", { "dependencies": { "@opencode-ai/sdk": "1.1.50", "zod": "4.1.8" } }, "sha512-1n2IqryCJjCRwmsOPXLd8oJ7N0Ik5Kn3m+xGhzCmY8ekwfhu9gSzNeDiDHKW6zqULfiNkkP54s6QYr0njuDO2A=="],

    "@opencode-ai/sdk": ["@opencode-ai/sdk@1.1.50", "", {}, "sha512-qw0jv1TYJ6fA1Ga1Qkvicq+wrUS2Z6MyPG0LykI3mxMb9yRk9sr1ARX+T26Ij7DiRW4x7ffp36F9EE63Lyl1YQ=="],

    "zod": ["zod@4.1.8", "", {}, "sha512-5R1P+WwQqmmMIEACyzSvo4JXHY5WiAFHRMg+zBZKgKS+Q1viRa0C1hmUKtHltoIFKtIdki3pRxkmpP74jnNYHQ=="],
  }
}
