{
  "lockfileVersion": 1,
  "configVersion": 0,
  "workspaces": {
    "": {
      "dependencies": {
        "@opencode-ai/plugin": "1.0.71",
      },
    },
  },
  "packages": {
    "@opencode-ai/plugin": ["@opencode-ai/plugin@1.0.71", "", { "dependencies": { "@opencode-ai/sdk": "1.0.71", "zod": "4.1.8" } }, "sha512-rDB0L5cQEtytMamSgT12hRmFzla8yn9FQs7gVFfWOAonagnv8ZwxA/5i44cUnalmnebvn5vDhELrQmyL+W0Y6A=="],

    "@opencode-ai/sdk": ["@opencode-ai/sdk@1.0.71", "", {}, "sha512-VgRI/8Cguqglis9wQ440N9JAKI1V1qKMRwj93QJPbHSnmi2zcW6rgaQ0PW/Nt1qblfwC0PN7uNWjnX7yVZ6S+Q=="],

    "zod": ["zod@4.1.8", "", {}, "sha512-5R1P+WwQqmmMIEACyzSvo4JXHY5WiAFHRMg+zBZKgKS+Q1viRa0C1hmUKtHltoIFKtIdki3pRxkmpP74jnNYHQ=="],
  }
}
